
Microsoft Visual Studio Solution File, Format Version 12.00
# Visual Studio Version 16
VisualStudioVersion = 16.0.29905.134
MinimumVisualStudioVersion = 10.0.40219.1
Project("{FAE04EC0-301F-11D3-BF4B-00C04F79EFBC}") = "TestWeb", "TestWeb\TestWeb.csproj", "{399FBD3A-D617-4B66-9572-D6F9B73117BE}"
EndProject
Project("{FAE04EC0-301F-11D3-BF4B-00C04F79EFBC}") = "TestWeb.Tests", "TestWeb.Tests\TestWeb.Tests.csproj", "{047A764D-6106-4076-B296-FA8DEBB2FD44}"
EndProject
Global
	GlobalSection(SolutionConfigurationPlatforms) = preSolution
		Debug|Any CPU = Debug|Any CPU
		Release|Any CPU = Release|Any CPU
	EndGlobalSection
	GlobalSection(ProjectConfigurationPlatforms) = postSolution
		{399FBD3A-D617-4B66-9572-D6F9B73117BE}.Debug|Any CPU.ActiveCfg = Debug|Any CPU
		{399FBD3A-D617-4B66-9572-D6F9B73117BE}.Debug|Any CPU.Build.0 = Debug|Any CPU
		{399FBD3A-D617-4B66-9572-D6F9B73117BE}.Release|Any CPU.ActiveCfg = Release|Any CPU
		{399FBD3A-D617-4B66-9572-D6F9B73117BE}.Release|Any CPU.Build.0 = Release|Any CPU
		{047A764D-6106-4076-B296-FA8DEBB2FD44}.Debug|Any CPU.ActiveCfg = Debug|Any CPU
		{047A764D-6106-4076-B296-FA8DEBB2FD44}.Debug|Any CPU.Build.0 = Debug|Any CPU
		{047A764D-6106-4076-B296-FA8DEBB2FD44}.Release|Any CPU.ActiveCfg = Release|Any CPU
		{047A764D-6106-4076-B296-FA8DEBB2FD44}.Release|Any CPU.Build.0 = Release|Any CPU
	EndGlobalSection
	GlobalSection(SolutionProperties) = preSolution
		HideSolutionNode = FALSE
	EndGlobalSection
	GlobalSection(ExtensibilityGlobals) = postSolution
		SolutionGuid = {60BDEF56-A67E-49D5-91E2-110C93D38607}
	EndGlobalSection
EndGlobal
